
Microsoft Visual Studio Solution File, Format Version 12.00
# Visual Studio 15
VisualStudioVersion = 15.0.27703.2047
MinimumVisualStudioVersion = 10.0.40219.1
Project("{2150E333-8FDC-42A3-9474-1A3956D46DE8}") = "ProjectManageAssistant.Base", "ProjectManageAssistant.Base", "{30445E18-F61E-4324-9C42-AC991EE92D7C}"
EndProject
Project("{FAE04EC0-301F-11D3-BF4B-00C04F79EFBC}") = "ProjectManageAssistant.Models", "ProjectManageAssistant.Models\ProjectManageAssistant.Models.csproj", "{DAF24899-FBFE-4C28-9169-6E89350EF04E}"
EndProject
Global
	GlobalSection(SolutionConfigurationPlatforms) = preSolution
		Debug|Any CPU = Debug|Any CPU
		Release|Any CPU = Release|Any CPU
	EndGlobalSection
	GlobalSection(ProjectConfigurationPlatforms) = postSolution
		{DAF24899-FBFE-4C28-9169-6E89350EF04E}.Debug|Any CPU.ActiveCfg = Debug|Any CPU
		{DAF24899-FBFE-4C28-9169-6E89350EF04E}.Debug|Any CPU.Build.0 = Debug|Any CPU
		{DAF24899-FBFE-4C28-9169-6E89350EF04E}.Release|Any CPU.ActiveCfg = Release|Any CPU
		{DAF24899-FBFE-4C28-9169-6E89350EF04E}.Release|Any CPU.Build.0 = Release|Any CPU
	EndGlobalSection
	GlobalSection(SolutionProperties) = preSolution
		HideSolutionNode = FALSE
	EndGlobalSection
	GlobalSection(ExtensibilityGlobals) = postSolution
		SolutionGuid = {4766B3C3-3C50-4A82-938C-BCB330AF8F12}
	EndGlobalSection
EndGlobal
